Microsoft Visual Studio Solution File, Format Version 12.00
# Visual Studio Version 17
VisualStudioVersion = 17.5.2.0
MinimumVisualStudioVersion = 10.0.40219.1
Project("{FAE04EC0-301F-11D3-BF4B-00C04F79EFBC}") = "tfrewin.play.fractal.avalonia", "tfrewin.play.fractal.avalonia.csproj", "{B452531A-2D71-E404-A6B2-5A39EE92D980}"
EndProject
Global
	GlobalSection(SolutionConfigurationPlatforms) = preSolution
		Debug|Any CPU = Debug|Any CPU
		Release|Any CPU = Release|Any CPU
	EndGlobalSection
	GlobalSection(ProjectConfigurationPlatforms) = postSolution
		{B452531A-2D71-E404-A6B2-5A39EE92D980}.Debug|Any CPU.ActiveCfg = Debug|Any CPU
		{B452531A-2D71-E404-A6B2-5A39EE92D980}.Debug|Any CPU.Build.0 = Debug|Any CPU
		{B452531A-2D71-E404-A6B2-5A39EE92D980}.Release|Any CPU.ActiveCfg = Release|Any CPU
		{B452531A-2D71-E404-A6B2-5A39EE92D980}.Release|Any CPU.Build.0 = Release|Any CPU
	EndGlobalSection
	GlobalSection(SolutionProperties) = preSolution
		HideSolutionNode = FALSE
	EndGlobalSection
	GlobalSection(ExtensibilityGlobals) = postSolution
		SolutionGuid = {90FFE91C-EC37-49A9-912B-71CC9A5FC18E}
	EndGlobalSection
EndGlobal
